
Microsoft Visual Studio Solution File, Format Version 12.00
# Visual Studio 15
VisualStudioVersion = 15.0.27004.2005
MinimumVisualStudioVersion = 10.0.40219.1
Project("{FAE04EC0-301F-11D3-BF4B-00C04F79EFBC}") = "Education.Services.Api", "Education.Services.Api\Education.Services.Api.csproj", "{7997D07E-310C-431F-AEF7-FDD3D5473A82}"
EndProject
Project("{2150E333-8FDC-42A3-9474-1A3956D46DE8}") = "Tests", "Tests", "{7BB887BB-07CC-4A71-B188-2EABDA0C0AA2}"
EndProject
Project("{FAE04EC0-301F-11D3-BF4B-00C04F79EFBC}") = "EducationSystem.Test.L0", "EducationSystem.Test.L0\EducationSystem.Test.L0.csproj", "{63D106AB-8520-493D-BE95-9FF10D405466}"
EndProject
Project("{FAE04EC0-301F-11D3-BF4B-00C04F79EFBC}") = "EducationSystem.Test.L1", "EducationSystem.Test.L1\EducationSystem.Test.L1.csproj", "{2E44F8E4-AC3D-4D0A-93DF-9381D29D30F2}"
EndProject
Global
	GlobalSection(SolutionConfigurationPlatforms) = preSolution
		Debug|Any CPU = Debug|Any CPU
		Release|Any CPU = Release|Any CPU
	EndGlobalSection
	GlobalSection(ProjectConfigurationPlatforms) = postSolution
		{7997D07E-310C-431F-AEF7-FDD3D5473A82}.Debug|Any CPU.ActiveCfg = Debug|Any CPU
		{7997D07E-310C-431F-AEF7-FDD3D5473A82}.Debug|Any CPU.Build.0 = Debug|Any CPU
		{7997D07E-310C-431F-AEF7-FDD3D5473A82}.Release|Any CPU.ActiveCfg = Release|Any CPU
		{7997D07E-310C-431F-AEF7-FDD3D5473A82}.Release|Any CPU.Build.0 = Release|Any CPU
		{63D106AB-8520-493D-BE95-9FF10D405466}.Debug|Any CPU.ActiveCfg = Debug|Any CPU
		{63D106AB-8520-493D-BE95-9FF10D405466}.Debug|Any CPU.Build.0 = Debug|Any CPU
		{63D106AB-8520-493D-BE95-9FF10D405466}.Release|Any CPU.ActiveCfg = Release|Any CPU
		{63D106AB-8520-493D-BE95-9FF10D405466}.Release|Any CPU.Build.0 = Release|Any CPU
		{2E44F8E4-AC3D-4D0A-93DF-9381D29D30F2}.Debug|Any CPU.ActiveCfg = Debug|Any CPU
		{2E44F8E4-AC3D-4D0A-93DF-9381D29D30F2}.Debug|Any CPU.Build.0 = Debug|Any CPU
		{2E44F8E4-AC3D-4D0A-93DF-9381D29D30F2}.Release|Any CPU.ActiveCfg = Release|Any CPU
		{2E44F8E4-AC3D-4D0A-93DF-9381D29D30F2}.Release|Any CPU.Build.0 = Release|Any CPU
	EndGlobalSection
	GlobalSection(SolutionProperties) = preSolution
		HideSolutionNode = FALSE
	EndGlobalSection
	GlobalSection(NestedProjects) = preSolution
		{63D106AB-8520-493D-BE95-9FF10D405466} = {7BB887BB-07CC-4A71-B188-2EABDA0C0AA2}
		{2E44F8E4-AC3D-4D0A-93DF-9381D29D30F2} = {7BB887BB-07CC-4A71-B188-2EABDA0C0AA2}
	EndGlobalSection
	GlobalSection(ExtensibilityGlobals) = postSolution
		SolutionGuid = {3101B9CA-D544-4188-BB12-4B3A6B8AC3B3}
	EndGlobalSection
EndGlobal
