
Microsoft Visual Studio Solution File, Format Version 12.00
# Visual Studio 15
VisualStudioVersion = 15.0.27004.2005
MinimumVisualStudioVersion = 10.0.40219.1
Project("{9A19103F-16F7-4668-BE54-9A1E7A4F7556}") = "Education.Services.Api", "Education.Services.Api\Education.Services.Api.csproj", "{7997D07E-310C-431F-AEF7-FDD3D5473A82}"
EndProject
Project("{2150E333-8FDC-42A3-9474-1A3956D46DE8}") = "Tests", "Tests", "{7BB887BB-07CC-4A71-B188-2EABDA0C0AA2}"
EndProject
Project("{9A19103F-16F7-4668-BE54-9A1E7A4F7556}") = "EducationSystem.Test.L0", "EducationSystem.Test.L0\EducationSystem.Test.L0.csproj", "{63D106AB-8520-493D-BE95-9FF10D405466}"
EndProject
Project("{9A19103F-16F7-4668-BE54-9A1E7A4F7556}") = "EducationSystem.Test.L1", "EducationSystem.Test.L1\EducationSystem.Test.L1.csproj", "{2E44F8E4-AC3D-4D0A-93DF-9381D29D30F2}"
EndProject
Project("{9A19103F-16F7-4668-BE54-9A1E7A4F7556}") = "Education.Services.Host", "Education.Services.Host\Education.Services.Host.csproj", "{4A82EC40-5A15-47B7-8BEA-2BBDC9A7A202}"
EndProject
Project("{2150E333-8FDC-42A3-9474-1A3956D46DE8}") = "Domain", "Domain", "{66AFE28B-92FF-455C-87D0-8B6587EDB75D}"
EndProject
Project("{FAE04EC0-301F-11D3-BF4B-00C04F79EFBC}") = "Education.Domains.School", "Education.Domain.School\Education.Domains.School.csproj", "{E89E6315-A40E-42F0-8CCE-E3F2B85B4F8E}"
EndProject
Project("{2150E333-8FDC-42A3-9474-1A3956D46DE8}") = "DataServices", "DataServices", "{929857E3-D583-4250-8BBD-20FA070C2A4A}"
EndProject
Project("{FAE04EC0-301F-11D3-BF4B-00C04F79EFBC}") = "Education.DataServices", "EducationSystem.DataServices\Education.DataServices.csproj", "{BDE0D13E-A962-4D25-9965-74794FCD4F50}"
EndProject
Project("{2150E333-8FDC-42A3-9474-1A3956D46DE8}") = "BusinessServices", "BusinessServices", "{FF1A4D71-8FA3-4B8E-B23E-6F2C68C89308}"
EndProject
Project("{FAE04EC0-301F-11D3-BF4B-00C04F79EFBC}") = "Education.BusinessServices", "Education.BusinessServices\Education.BusinessServices.csproj", "{2F92D935-1AFC-46B8-87A4-9E29DBFD55F7}"
EndProject
Project("{FAE04EC0-301F-11D3-BF4B-00C04F79EFBC}") = "Education.Utitlites", "Education.Utitlites\Education.Utitlites.csproj", "{5AB0C8FB-A76A-4284-9F3C-1D6719BC3A69}"
EndProject
Project("{FAE04EC0-301F-11D3-BF4B-00C04F79EFBC}") = "Education.Helpers", "Education.Helpers\Education.Helpers.csproj", "{31E566DD-4B2D-4A1B-AE4B-A516C6326775}"
EndProject
Project("{FAE04EC0-301F-11D3-BF4B-00C04F79EFBC}") = "Education.Presentation.Web", "Education.Presentation.Web\Education.Presentation.Web.csproj", "{6AB6D271-DCF4-4B66-AE15-BCFEC9EC1C80}"
EndProject
Global
	GlobalSection(SolutionConfigurationPlatforms) = preSolution
		Debug|Any CPU = Debug|Any CPU
		Release|Any CPU = Release|Any CPU
	EndGlobalSection
	GlobalSection(ProjectConfigurationPlatforms) = postSolution
		{7997D07E-310C-431F-AEF7-FDD3D5473A82}.Debug|Any CPU.ActiveCfg = Debug|Any CPU
		{7997D07E-310C-431F-AEF7-FDD3D5473A82}.Debug|Any CPU.Build.0 = Debug|Any CPU
		{7997D07E-310C-431F-AEF7-FDD3D5473A82}.Release|Any CPU.ActiveCfg = Release|Any CPU
		{7997D07E-310C-431F-AEF7-FDD3D5473A82}.Release|Any CPU.Build.0 = Release|Any CPU
		{63D106AB-8520-493D-BE95-9FF10D405466}.Debug|Any CPU.ActiveCfg = Debug|Any CPU
		{63D106AB-8520-493D-BE95-9FF10D405466}.Debug|Any CPU.Build.0 = Debug|Any CPU
		{63D106AB-8520-493D-BE95-9FF10D405466}.Release|Any CPU.ActiveCfg = Release|Any CPU
		{63D106AB-8520-493D-BE95-9FF10D405466}.Release|Any CPU.Build.0 = Release|Any CPU
		{2E44F8E4-AC3D-4D0A-93DF-9381D29D30F2}.Debug|Any CPU.ActiveCfg = Debug|Any CPU
		{2E44F8E4-AC3D-4D0A-93DF-9381D29D30F2}.Debug|Any CPU.Build.0 = Debug|Any CPU
		{2E44F8E4-AC3D-4D0A-93DF-9381D29D30F2}.Release|Any CPU.ActiveCfg = Release|Any CPU
		{2E44F8E4-AC3D-4D0A-93DF-9381D29D30F2}.Release|Any CPU.Build.0 = Release|Any CPU
		{4A82EC40-5A15-47B7-8BEA-2BBDC9A7A202}.Debug|Any CPU.ActiveCfg = Debug|Any CPU
		{4A82EC40-5A15-47B7-8BEA-2BBDC9A7A202}.Debug|Any CPU.Build.0 = Debug|Any CPU
		{4A82EC40-5A15-47B7-8BEA-2BBDC9A7A202}.Release|Any CPU.ActiveCfg = Release|Any CPU
		{4A82EC40-5A15-47B7-8BEA-2BBDC9A7A202}.Release|Any CPU.Build.0 = Release|Any CPU
		{E89E6315-A40E-42F0-8CCE-E3F2B85B4F8E}.Debug|Any CPU.ActiveCfg = Debug|Any CPU
		{E89E6315-A40E-42F0-8CCE-E3F2B85B4F8E}.Debug|Any CPU.Build.0 = Debug|Any CPU
		{E89E6315-A40E-42F0-8CCE-E3F2B85B4F8E}.Release|Any CPU.ActiveCfg = Release|Any CPU
		{E89E6315-A40E-42F0-8CCE-E3F2B85B4F8E}.Release|Any CPU.Build.0 = Release|Any CPU
		{BDE0D13E-A962-4D25-9965-74794FCD4F50}.Debug|Any CPU.ActiveCfg = Debug|Any CPU
		{BDE0D13E-A962-4D25-9965-74794FCD4F50}.Debug|Any CPU.Build.0 = Debug|Any CPU
		{BDE0D13E-A962-4D25-9965-74794FCD4F50}.Release|Any CPU.ActiveCfg = Release|Any CPU
		{BDE0D13E-A962-4D25-9965-74794FCD4F50}.Release|Any CPU.Build.0 = Release|Any CPU
		{2F92D935-1AFC-46B8-87A4-9E29DBFD55F7}.Debug|Any CPU.ActiveCfg = Debug|Any CPU
		{2F92D935-1AFC-46B8-87A4-9E29DBFD55F7}.Debug|Any CPU.Build.0 = Debug|Any CPU
		{2F92D935-1AFC-46B8-87A4-9E29DBFD55F7}.Release|Any CPU.ActiveCfg = Release|Any CPU
		{2F92D935-1AFC-46B8-87A4-9E29DBFD55F7}.Release|Any CPU.Build.0 = Release|Any CPU
		{5AB0C8FB-A76A-4284-9F3C-1D6719BC3A69}.Debug|Any CPU.ActiveCfg = Debug|Any CPU
		{5AB0C8FB-A76A-4284-9F3C-1D6719BC3A69}.Debug|Any CPU.Build.0 = Debug|Any CPU
		{5AB0C8FB-A76A-4284-9F3C-1D6719BC3A69}.Release|Any CPU.ActiveCfg = Release|Any CPU
		{5AB0C8FB-A76A-4284-9F3C-1D6719BC3A69}.Release|Any CPU.Build.0 = Release|Any CPU
		{31E566DD-4B2D-4A1B-AE4B-A516C6326775}.Debug|Any CPU.ActiveCfg = Debug|Any CPU
		{31E566DD-4B2D-4A1B-AE4B-A516C6326775}.Debug|Any CPU.Build.0 = Debug|Any CPU
		{31E566DD-4B2D-4A1B-AE4B-A516C6326775}.Release|Any CPU.ActiveCfg = Release|Any CPU
		{31E566DD-4B2D-4A1B-AE4B-A516C6326775}.Release|Any CPU.Build.0 = Release|Any CPU
		{6AB6D271-DCF4-4B66-AE15-BCFEC9EC1C80}.Debug|Any CPU.ActiveCfg = Debug|Any CPU
		{6AB6D271-DCF4-4B66-AE15-BCFEC9EC1C80}.Debug|Any CPU.Build.0 = Debug|Any CPU
		{6AB6D271-DCF4-4B66-AE15-BCFEC9EC1C80}.Release|Any CPU.ActiveCfg = Release|Any CPU
		{6AB6D271-DCF4-4B66-AE15-BCFEC9EC1C80}.Release|Any CPU.Build.0 = Release|Any CPU
	EndGlobalSection
	GlobalSection(SolutionProperties) = preSolution
		HideSolutionNode = FALSE
	EndGlobalSection
	GlobalSection(NestedProjects) = preSolution
		{63D106AB-8520-493D-BE95-9FF10D405466} = {7BB887BB-07CC-4A71-B188-2EABDA0C0AA2}
		{2E44F8E4-AC3D-4D0A-93DF-9381D29D30F2} = {7BB887BB-07CC-4A71-B188-2EABDA0C0AA2}
		{E89E6315-A40E-42F0-8CCE-E3F2B85B4F8E} = {66AFE28B-92FF-455C-87D0-8B6587EDB75D}
		{BDE0D13E-A962-4D25-9965-74794FCD4F50} = {929857E3-D583-4250-8BBD-20FA070C2A4A}
		{2F92D935-1AFC-46B8-87A4-9E29DBFD55F7} = {FF1A4D71-8FA3-4B8E-B23E-6F2C68C89308}
	EndGlobalSection
	GlobalSection(ExtensibilityGlobals) = postSolution
		SolutionGuid = {3101B9CA-D544-4188-BB12-4B3A6B8AC3B3}
	EndGlobalSection
EndGlobal
