
Microsoft Visual Studio Solution File, Format Version 12.00
# Visual Studio 15
VisualStudioVersion = 15.0.28307.329
MinimumVisualStudioVersion = 10.0.40219.1
Project("{9A19103F-16F7-4668-BE54-9A1E7A4F7556}") = "EducationSystem.Cloud.Common", "EducationSystem.Cloud.Common\EducationSystem.Cloud.Common.csproj", "{3147EF83-7691-4FC6-8FC7-90D21CD12145}"
EndProject
Project("{FAE04EC0-301F-11D3-BF4B-00C04F79EFBC}") = "EducationSystem.Cloud.Console", "EducationSystem.Cloud.Console\EducationSystem.Cloud.Console.csproj", "{8076A590-2D94-4837-A22B-511CDB0EA7B8}"
EndProject
Global
	GlobalSection(SolutionConfigurationPlatforms) = preSolution
		Debug|Any CPU = Debug|Any CPU
		Release|Any CPU = Release|Any CPU
	EndGlobalSection
	GlobalSection(ProjectConfigurationPlatforms) = postSolution
		{3147EF83-7691-4FC6-8FC7-90D21CD12145}.Debug|Any CPU.ActiveCfg = Debug|Any CPU
		{3147EF83-7691-4FC6-8FC7-90D21CD12145}.Debug|Any CPU.Build.0 = Debug|Any CPU
		{3147EF83-7691-4FC6-8FC7-90D21CD12145}.Release|Any CPU.ActiveCfg = Release|Any CPU
		{3147EF83-7691-4FC6-8FC7-90D21CD12145}.Release|Any CPU.Build.0 = Release|Any CPU
		{8076A590-2D94-4837-A22B-511CDB0EA7B8}.Debug|Any CPU.ActiveCfg = Debug|Any CPU
		{8076A590-2D94-4837-A22B-511CDB0EA7B8}.Debug|Any CPU.Build.0 = Debug|Any CPU
		{8076A590-2D94-4837-A22B-511CDB0EA7B8}.Release|Any CPU.ActiveCfg = Release|Any CPU
		{8076A590-2D94-4837-A22B-511CDB0EA7B8}.Release|Any CPU.Build.0 = Release|Any CPU
	EndGlobalSection
	GlobalSection(SolutionProperties) = preSolution
		HideSolutionNode = FALSE
	EndGlobalSection
	GlobalSection(ExtensibilityGlobals) = postSolution
		SolutionGuid = {9BFD51BF-54EF-4BC6-A688-FBE4F339D6D4}
	EndGlobalSection
EndGlobal
